// !$*UTF8*$!
{
	archiveVersion = 1;
	classes = {
	};
	objectVersion = 46;
	objects = {

/* Begin PBXBuildFile section */
		AEDE98731E6E4D22004DA791 /* AppDelegate.swift in Sources */ = {isa = PBXBuildFile; fileRef = AEDE98721E6E4D22004DA791 /* AppDelegate.swift */; };
		AEDE98751E6E4D22004DA791 /* ViewController.swift in Sources */ = {isa = PBXBuildFile; fileRef = AEDE98741E6E4D22004DA791 /* ViewController.swift */; };
		AEDE98781E6E4D22004DA791 /* Main.storyboard in Resources */ = {isa = PBXBuildFile; fileRef = AEDE98761E6E4D22004DA791 /* Main.storyboard */; };
		AEDE987A1E6E4D22004DA791 /* Assets.xcassets in Resources */ = {isa = PBXBuildFile; fileRef = AEDE98791E6E4D22004DA791 /* Assets.xcassets */; };
		AEDE987D1E6E4D22004DA791 /* LaunchScreen.storyboard in Resources */ = {isa = PBXBuildFile; fileRef = AEDE987B1E6E4D22004DA791 /* LaunchScreen.storyboard */; };
		AEDE98861E6E4E0F004DA791 /* libsqlite3.tbd in Frameworks */ = {isa = PBXBuildFile; fileRef = AEDE98851E6E4E0F004DA791 /* libsqlite3.tbd */; };
		AEDE988F1E6E4EB5004DA791 /* XSQLiteTool.swift in Sources */ = {isa = PBXBuildFile; fileRef = AEDE988E1E6E4EB5004DA791 /* XSQLiteTool.swift */; };
		AEDE98911E6E4ED5004DA791 /* XStudent.swift in Sources */ = {isa = PBXBuildFile; fileRef = AEDE98901E6E4ED5004DA791 /* XStudent.swift */; };
		AEDE989F1E6EAF93004DA791 /* FMDatabase.m in Sources */ = {isa = PBXBuildFile; fileRef = AEDE98941E6EAF93004DA791 /* FMDatabase.m */; };
		AEDE98A01E6EAF93004DA791 /* FMDatabaseAdditions.m in Sources */ = {isa = PBXBuildFile; fileRef = AEDE98961E6EAF93004DA791 /* FMDatabaseAdditions.m */; };
		AEDE98A11E6EAF93004DA791 /* FMDatabasePool.m in Sources */ = {isa = PBXBuildFile; fileRef = AEDE98981E6EAF93004DA791 /* FMDatabasePool.m */; };
		AEDE98A21E6EAF93004DA791 /* FMDatabaseQueue.m in Sources */ = {isa = PBXBuildFile; fileRef = AEDE989A1E6EAF93004DA791 /* FMDatabaseQueue.m */; };
		AEDE98A31E6EAF93004DA791 /* FMResultSet.m in Sources */ = {isa = PBXBuildFile; fileRef = AEDE989D1E6EAF93004DA791 /* FMResultSet.m */; };
		AEDE98A41E6EAF93004DA791 /* Info.plist in Resources */ = {isa = PBXBuildFile; fileRef = AEDE989E1E6EAF93004DA791 /* Info.plist */; };
		AEDE98A61E6EB495004DA791 /* XFMDBTool.swift in Sources */ = {isa = PBXBuildFile; fileRef = AEDE98A51E6EB495004DA791 /* XFMDBTool.swift */; };
/* End PBXBuildFile section */

/* Begin PBXFileReference section */
		AEDE986F1E6E4D22004DA791 /* XSQLiteStudy.app */ = {isa = PBXFileReference; explicitFileType = wrapper.application; includeInIndex = 0; path = XSQLiteStudy.app; sourceTree = BUILT_PRODUCTS_DIR; };
		AEDE98721E6E4D22004DA791 /* AppDelegate.swift */ = {isa = PBXFileReference; lastKnownFileType = sourcecode.swift; path = AppDelegate.swift; sourceTree = "<group>"; };
		AEDE98741E6E4D22004DA791 /* ViewController.swift */ = {isa = PBXFileReference; lastKnownFileType = sourcecode.swift; path = ViewController.swift; sourceTree = "<group>"; };
		AEDE98771E6E4D22004DA791 /* Base */ = {isa = PBXFileReference; lastKnownFileType = file.storyboard; name = Base; path = Base.lproj/Main.storyboard; sourceTree = "<group>"; };
		AEDE98791E6E4D22004DA791 /* Assets.xcassets */ = {isa = PBXFileReference; lastKnownFileType = folder.assetcatalog; path = Assets.xcassets; sourceTree = "<group>"; };
		AEDE987C1E6E4D22004DA791 /* Base */ = {isa = PBXFileReference; lastKnownFileType = file.storyboard; name = Base; path = Base.lproj/LaunchScreen.storyboard; sourceTree = "<group>"; };
		AEDE987E1E6E4D22004DA791 /* Info.plist */ = {isa = PBXFileReference; lastKnownFileType = text.plist.xml; path = Info.plist; sourceTree = "<group>"; };
		AEDE98851E6E4E0F004DA791 /* libsqlite3.tbd */ = {isa = PBXFileReference; lastKnownFileType = "sourcecode.text-based-dylib-definition"; name = libsqlite3.tbd; path = usr/lib/libsqlite3.tbd; sourceTree = SDKROOT; };
		AEDE98871E6E4E1D004DA791 /* XSQLiteStudy-Bridging-Header.h */ = {isa = PBXFileReference; lastKnownFileType = sourcecode.c.h; path = "XSQLiteStudy-Bridging-Header.h"; sourceTree = "<group>"; };
		AEDE988E1E6E4EB5004DA791 /* XSQLiteTool.swift */ = {isa = PBXFileReference; fileEncoding = 4; lastKnownFileType = sourcecode.swift; path = XSQLiteTool.swift; sourceTree = "<group>"; };
		AEDE98901E6E4ED5004DA791 /* XStudent.swift */ = {isa = PBXFileReference; fileEncoding = 4; lastKnownFileType = sourcecode.swift; path = XStudent.swift; sourceTree = "<group>"; };
		AEDE98931E6EAF93004DA791 /* FMDatabase.h */ = {isa = PBXFileReference; fileEncoding = 4; lastKnownFileType = sourcecode.c.h; path = FMDatabase.h; sourceTree = "<group>"; };
		AEDE98941E6EAF93004DA791 /* FMDatabase.m */ = {isa = PBXFileReference; fileEncoding = 4; lastKnownFileType = sourcecode.c.objc; path = FMDatabase.m; sourceTree = "<group>"; };
		AEDE98951E6EAF93004DA791 /* FMDatabaseAdditions.h */ = {isa = PBXFileReference; fileEncoding = 4; lastKnownFileType = sourcecode.c.h; path = FMDatabaseAdditions.h; sourceTree = "<group>"; };
		AEDE98961E6EAF93004DA791 /* FMDatabaseAdditions.m */ = {isa = PBXFileReference; fileEncoding = 4; lastKnownFileType = sourcecode.c.objc; path = FMDatabaseAdditions.m; sourceTree = "<group>"; };
		AEDE98971E6EAF93004DA791 /* FMDatabasePool.h */ = {isa = PBXFileReference; fileEncoding = 4; lastKnownFileType = sourcecode.c.h; path = FMDatabasePool.h; sourceTree = "<group>"; };
		AEDE98981E6EAF93004DA791 /* FMDatabasePool.m */ = {isa = PBXFileReference; fileEncoding = 4; lastKnownFileType = sourcecode.c.objc; path = FMDatabasePool.m; sourceTree = "<group>"; };
		AEDE98991E6EAF93004DA791 /* FMDatabaseQueue.h */ = {isa = PBXFileReference; fileEncoding = 4; lastKnownFileType = sourcecode.c.h; path = FMDatabaseQueue.h; sourceTree = "<group>"; };
		AEDE989A1E6EAF93004DA791 /* FMDatabaseQueue.m */ = {isa = PBXFileReference; fileEncoding = 4; lastKnownFileType = sourcecode.c.objc; path = FMDatabaseQueue.m; sourceTree = "<group>"; };
		AEDE989B1E6EAF93004DA791 /* FMDB.h */ = {isa = PBXFileReference; fileEncoding = 4; lastKnownFileType = sourcecode.c.h; path = FMDB.h; sourceTree = "<group>"; };
		AEDE989C1E6EAF93004DA791 /* FMResultSet.h */ = {isa = PBXFileReference; fileEncoding = 4; lastKnownFileType = sourcecode.c.h; path = FMResultSet.h; sourceTree = "<group>"; };
		AEDE989D1E6EAF93004DA791 /* FMResultSet.m */ = {isa = PBXFileReference; fileEncoding = 4; lastKnownFileType = sourcecode.c.objc; path = FMResultSet.m; sourceTree = "<group>"; };
		AEDE989E1E6EAF93004DA791 /* Info.plist */ = {isa = PBXFileReference; fileEncoding = 4; lastKnownFileType = text.plist.xml; path = Info.plist; sourceTree = "<group>"; };
		AEDE98A51E6EB495004DA791 /* XFMDBTool.swift */ = {isa = PBXFileReference; fileEncoding = 4; lastKnownFileType = sourcecode.swift; path = XFMDBTool.swift; sourceTree = "<group>"; };
/* End PBXFileReference section */

/* Begin PBXFrameworksBuildPhase section */
		AEDE986C1E6E4D22004DA791 /* Frameworks */ = {
			isa = PBXFrameworksBuildPhase;
			buildActionMask = 2147483647;
			files = (
				AEDE98861E6E4E0F004DA791 /* libsqlite3.tbd in Frameworks */,
			);
			runOnlyForDeploymentPostprocessing = 0;
		};
/* End PBXFrameworksBuildPhase section */

/* Begin PBXGroup section */
		AEDE98661E6E4D22004DA791 = {
			isa = PBXGroup;
			children = (
				AEDE98711E6E4D22004DA791 /* XSQLiteStudy */,
				AEDE98701E6E4D22004DA791 /* Products */,
				AEDE98841E6E4E0F004DA791 /* Frameworks */,
			);
			sourceTree = "<group>";
		};
		AEDE98701E6E4D22004DA791 /* Products */ = {
			isa = PBXGroup;
			children = (
				AEDE986F1E6E4D22004DA791 /* XSQLiteStudy.app */,
			);
			name = Products;
			sourceTree = "<group>";
		};
		AEDE98711E6E4D22004DA791 /* XSQLiteStudy */ = {
			isa = PBXGroup;
			children = (
				AEDE98921E6EAF93004DA791 /* fmdb */,
				AEDE98901E6E4ED5004DA791 /* XStudent.swift */,
				AEDE988E1E6E4EB5004DA791 /* XSQLiteTool.swift */,
				AEDE98721E6E4D22004DA791 /* AppDelegate.swift */,
				AEDE98741E6E4D22004DA791 /* ViewController.swift */,
				AEDE98A51E6EB495004DA791 /* XFMDBTool.swift */,
				AEDE98761E6E4D22004DA791 /* Main.storyboard */,
				AEDE98791E6E4D22004DA791 /* Assets.xcassets */,
				AEDE987B1E6E4D22004DA791 /* LaunchScreen.storyboard */,
				AEDE987E1E6E4D22004DA791 /* Info.plist */,
				AEDE98871E6E4E1D004DA791 /* XSQLiteStudy-Bridging-Header.h */,
			);
			path = XSQLiteStudy;
			sourceTree = "<group>";
		};
		AEDE98841E6E4E0F004DA791 /* Frameworks */ = {
			isa = PBXGroup;
			children = (
				AEDE98851E6E4E0F004DA791 /* libsqlite3.tbd */,
			);
			name = Frameworks;
			sourceTree = "<group>";
		};
		AEDE98921E6EAF93004DA791 /* fmdb */ = {
			isa = PBXGroup;
			children = (
				AEDE98931E6EAF93004DA791 /* FMDatabase.h */,
				AEDE98941E6EAF93004DA791 /* FMDatabase.m */,
				AEDE98951E6EAF93004DA791 /* FMDatabaseAdditions.h */,
				AEDE98961E6EAF93004DA791 /* FMDatabaseAdditions.m */,
				AEDE98971E6EAF93004DA791 /* FMDatabasePool.h */,
				AEDE98981E6EAF93004DA791 /* FMDatabasePool.m */,
				AEDE98991E6EAF93004DA791 /* FMDatabaseQueue.h */,
				AEDE989A1E6EAF93004DA791 /* FMDatabaseQueue.m */,
				AEDE989B1E6EAF93004DA791 /* FMDB.h */,
				AEDE989C1E6EAF93004DA791 /* FMResultSet.h */,
				AEDE989D1E6EAF93004DA791 /* FMResultSet.m */,
				AEDE989E1E6EAF93004DA791 /* Info.plist */,
			);
			path = fmdb;
			sourceTree = "<group>";
		};
/* End PBXGroup section */

/* Begin PBXNativeTarget section */
		AEDE986E1E6E4D22004DA791 /* XSQLiteStudy */ = {
			isa = PBXNativeTarget;
			buildConfigurationList = AEDE98811E6E4D22004DA791 /* Build configuration list for PBXNativeTarget "XSQLiteStudy" */;
			buildPhases = (
				AEDE986B1E6E4D22004DA791 /* Sources */,
				AEDE986C1E6E4D22004DA791 /* Frameworks */,
				AEDE986D1E6E4D22004DA791 /* Resources */,
			);
			buildRules = (
			);
			dependencies = (
			);
			name = XSQLiteStudy;
			productName = XSQLiteStudy;
			productReference = AEDE986F1E6E4D22004DA791 /* XSQLiteStudy.app */;
			productType = "com.apple.product-type.application";
		};
/* End PBXNativeTarget section */

/* Begin PBXProject section */
		AEDE98671E6E4D22004DA791 /* Project object */ = {
			isa = PBXProject;
			attributes = {
				CLASSPREFIX = X;
				LastSwiftUpdateCheck = 0810;
				LastUpgradeCheck = 0810;
				ORGANIZATIONNAME = sajiner;
				TargetAttributes = {
					AEDE986E1E6E4D22004DA791 = {
						CreatedOnToolsVersion = 8.1;
						LastSwiftMigration = 0810;
						ProvisioningStyle = Automatic;
					};
				};
			};
			buildConfigurationList = AEDE986A1E6E4D22004DA791 /* Build configuration list for PBXProject "XSQLiteStudy" */;
			compatibilityVersion = "Xcode 3.2";
			developmentRegion = English;
			hasScannedForEncodings = 0;
			knownRegions = (
				en,
				Base,
			);
			mainGroup = AEDE98661E6E4D22004DA791;
			productRefGroup = AEDE98701E6E4D22004DA791 /* Products */;
			projectDirPath = "";
			projectRoot = "";
			targets = (
				AEDE986E1E6E4D22004DA791 /* XSQLiteStudy */,
			);
		};
/* End PBXProject section */

/* Begin PBXResourcesBuildPhase section */
		AEDE986D1E6E4D22004DA791 /* Resources */ = {
			isa = PBXResourcesBuildPhase;
			buildActionMask = 2147483647;
			files = (
				AEDE98A41E6EAF93004DA791 /* Info.plist in Resources */,
				AEDE987D1E6E4D22004DA791 /* LaunchScreen.storyboard in Resources */,
				AEDE987A1E6E4D22004DA791 /* Assets.xcassets in Resources */,
				AEDE98781E6E4D22004DA791 /* Main.storyboard in Resources */,
			);
			runOnlyForDeploymentPostprocessing = 0;
		};
/* End PBXResourcesBuildPhase section */

/* Begin PBXSourcesBuildPhase section */
		AEDE986B1E6E4D22004DA791 /* Sources */ = {
			isa = PBXSourcesBuildPhase;
			buildActionMask = 2147483647;
			files = (
				AEDE98911E6E4ED5004DA791 /* XStudent.swift in Sources */,
				AEDE98A21E6EAF93004DA791 /* FMDatabaseQueue.m in Sources */,
				AEDE988F1E6E4EB5004DA791 /* XSQLiteTool.swift in Sources */,
				AEDE98751E6E4D22004DA791 /* ViewController.swift in Sources */,
				AEDE989F1E6EAF93004DA791 /* FMDatabase.m in Sources */,
				AEDE98A11E6EAF93004DA791 /* FMDatabasePool.m in Sources */,
				AEDE98A31E6EAF93004DA791 /* FMResultSet.m in Sources */,
				AEDE98731E6E4D22004DA791 /* AppDelegate.swift in Sources */,
				AEDE98A01E6EAF93004DA791 /* FMDatabaseAdditions.m in Sources */,
				AEDE98A61E6EB495004DA791 /* XFMDBTool.swift in Sources */,
			);
			runOnlyForDeploymentPostprocessing = 0;
		};
/* End PBXSourcesBuildPhase section */

/* Begin PBXVariantGroup section */
		AEDE98761E6E4D22004DA791 /* Main.storyboard */ = {
			isa = PBXVariantGroup;
			children = (
				AEDE98771E6E4D22004DA791 /* Base */,
			);
			name = Main.storyboard;
			sourceTree = "<group>";
		};
		AEDE987B1E6E4D22004DA791 /* LaunchScreen.storyboard */ = {
			isa = PBXVariantGroup;
			children = (
				AEDE987C1E6E4D22004DA791 /* Base */,
			);
			name = LaunchScreen.storyboard;
			sourceTree = "<group>";
		};
/* End PBXVariantGroup section */

/* Begin XCBuildConfiguration section */
		AEDE987F1E6E4D22004DA791 /* Debug */ = {
			isa = XCBuildConfiguration;
			buildSettings = {
				ALWAYS_SEARCH_USER_PATHS = NO;
				CLANG_ANALYZER_NONNULL = YES;
				CLANG_CXX_LANGUAGE_STANDARD = "gnu++0x";
				CLANG_CXX_LIBRARY = "libc++";
				CLANG_ENABLE_MODULES = YES;
				CLANG_ENABLE_OBJC_ARC = YES;
				CLANG_WARN_BOOL_CONVERSION = YES;
				CLANG_WARN_CONSTANT_CONVERSION = YES;
				CLANG_WARN_DIRECT_OBJC_ISA_USAGE = YES_ERROR;
				CLANG_WARN_DOCUMENTATION_COMMENTS = YES;
				CLANG_WARN_EMPTY_BODY = YES;
				CLANG_WARN_ENUM_CONVERSION = YES;
				CLANG_WARN_INFINITE_RECURSION = YES;
				CLANG_WARN_INT_CONVERSION = YES;
				CLANG_WARN_OBJC_ROOT_CLASS = YES_ERROR;
				CLANG_WARN_SUSPICIOUS_MOVES = YES;
				CLANG_WARN_UNREACHABLE_CODE = YES;
				CLANG_WARN__DUPLICATE_METHOD_MATCH = YES;
				"CODE_SIGN_IDENTITY[sdk=iphoneos*]" = "iPhone Developer";
				COPY_PHASE_STRIP = NO;
				DEBUG_INFORMATION_FORMAT = dwarf;
				ENABLE_STRICT_OBJC_MSGSEND = YES;
				ENABLE_TESTABILITY = YES;
				GCC_C_LANGUAGE_STANDARD = gnu99;
				GCC_DYNAMIC_NO_PIC = NO;
				GCC_NO_COMMON_BLOCKS = YES;
				GCC_OPTIMIZATION_LEVEL = 0;
				GCC_PREPROCESSOR_DEFINITIONS = (
					"DEBUG=1",
					"$(inherited)",
				);
				GCC_WARN_64_TO_32_BIT_CONVERSION = YES;
				GCC_WARN_ABOUT_RETURN_TYPE = YES_ERROR;
				GCC_WARN_UNDECLARED_SELECTOR = YES;
				GCC_WARN_UNINITIALIZED_AUTOS = YES_AGGRESSIVE;
				GCC_WARN_UNUSED_FUNCTION = YES;
				GCC_WARN_UNUSED_VARIABLE = YES;
				IPHONEOS_DEPLOYMENT_TARGET = 10.1;
				MTL_ENABLE_DEBUG_INFO = YES;
				ONLY_ACTIVE_ARCH = YES;
				SDKROOT = iphoneos;
				SWIFT_ACTIVE_COMPILATION_CONDITIONS = DEBUG;
				SWIFT_OPTIMIZATION_LEVEL = "-Onone";
			};
			name = Debug;
		};
		AEDE98801E6E4D22004DA791 /* Release */ = {
			isa = XCBuildConfiguration;
			buildSettings = {
				ALWAYS_SEARCH_USER_PATHS = NO;
				CLANG_ANALYZER_NONNULL = YES;
				CLANG_CXX_LANGUAGE_STANDARD = "gnu++0x";
				CLANG_CXX_LIBRARY = "libc++";
				CLANG_ENABLE_MODULES = YES;
				CLANG_ENABLE_OBJC_ARC = YES;
				CLANG_WARN_BOOL_CONVERSION = YES;
				CLANG_WARN_CONSTANT_CONVERSION = YES;
				CLANG_WARN_DIRECT_OBJC_ISA_USAGE = YES_ERROR;
				CLANG_WARN_DOCUMENTATION_COMMENTS = YES;
				CLANG_WARN_EMPTY_BODY = YES;
				CLANG_WARN_ENUM_CONVERSION = YES;
				CLANG_WARN_INFINITE_RECURSION = YES;
				CLANG_WARN_INT_CONVERSION = YES;
				CLANG_WARN_OBJC_ROOT_CLASS = YES_ERROR;
				CLANG_WARN_SUSPICIOUS_MOVES = YES;
				CLANG_WARN_UNREACHABLE_CODE = YES;
				CLANG_WARN__DUPLICATE_METHOD_MATCH = YES;
				"CODE_SIGN_IDENTITY[sdk=iphoneos*]" = "iPhone Developer";
				COPY_PHASE_STRIP = NO;
				DEBUG_INFORMATION_FORMAT = "dwarf-with-dsym";
				ENABLE_NS_ASSERTIONS = NO;
				ENABLE_STRICT_OBJC_MSGSEND = YES;
				GCC_C_LANGUAGE_STANDARD = gnu99;
				GCC_NO_COMMON_BLOCKS = YES;
				GCC_WARN_64_TO_32_BIT_CONVERSION = YES;
				GCC_WARN_ABOUT_RETURN_TYPE = YES_ERROR;
				GCC_WARN_UNDECLARED_SELECTOR = YES;
				GCC_WARN_UNINITIALIZED_AUTOS = YES_AGGRESSIVE;
				GCC_WARN_UNUSED_FUNCTION = YES;
				GCC_WARN_UNUSED_VARIABLE = YES;
				IPHONEOS_DEPLOYMENT_TARGET = 10.1;
				MTL_ENABLE_DEBUG_INFO = NO;
				SDKROOT = iphoneos;
				SWIFT_OPTIMIZATION_LEVEL = "-Owholemodule";
				VALIDATE_PRODUCT = YES;
			};
			name = Release;
		};
		AEDE98821E6E4D22004DA791 /* Debug */ = {
			isa = XCBuildConfiguration;
			buildSettings = {
				ASSETCATALOG_COMPILER_APPICON_NAME = AppIcon;
				CLANG_ENABLE_MODULES = YES;
				INFOPLIST_FILE = XSQLiteStudy/Info.plist;
				LD_RUNPATH_SEARCH_PATHS = "$(inherited) @executable_path/Frameworks";
				PRODUCT_BUNDLE_IDENTIFIER = com.sajiner.XSQLiteStudy;
				PRODUCT_NAME = "$(TARGET_NAME)";
				SWIFT_OBJC_BRIDGING_HEADER = "XSQLiteStudy/XSQLiteStudy-Bridging-Header.h";
				SWIFT_OPTIMIZATION_LEVEL = "-Onone";
				SWIFT_VERSION = 3.0;
			};
			name = Debug;
		};
		AEDE98831E6E4D22004DA791 /* Release */ = {
			isa = XCBuildConfiguration;
			buildSettings = {
				ASSETCATALOG_COMPILER_APPICON_NAME = AppIcon;
				CLANG_ENABLE_MODULES = YES;
				INFOPLIST_FILE = XSQLiteStudy/Info.plist;
				LD_RUNPATH_SEARCH_PATHS = "$(inherited) @executable_path/Frameworks";
				PRODUCT_BUNDLE_IDENTIFIER = com.sajiner.XSQLiteStudy;
				PRODUCT_NAME = "$(TARGET_NAME)";
				SWIFT_OBJC_BRIDGING_HEADER = "XSQLiteStudy/XSQLiteStudy-Bridging-Header.h";
				SWIFT_VERSION = 3.0;
			};
			name = Release;
		};
/* End XCBuildConfiguration section */

/* Begin XCConfigurationList section */
		AEDE986A1E6E4D22004DA791 /* Build configuration list for PBXProject "XSQLiteStudy" */ = {
			isa = XCConfigurationList;
			buildConfigurations = (
				AEDE987F1E6E4D22004DA791 /* Debug */,
				AEDE98801E6E4D22004DA791 /* Release */,
			);
			defaultConfigurationIsVisible = 0;
			defaultConfigurationName = Release;
		};
		AEDE98811E6E4D22004DA791 /* Build configuration list for PBXNativeTarget "XSQLiteStudy" */ = {
			isa = XCConfigurationList;
			buildConfigurations = (
				AEDE98821E6E4D22004DA791 /* Debug */,
				AEDE98831E6E4D22004DA791 /* Release */,
			);
			defaultConfigurationIsVisible = 0;
		};
/* End XCConfigurationList section */
	};
	rootObject = AEDE98671E6E4D22004DA791 /* Project object */;
}
